{
  "name": "setify",
  "version": "1.0.4",
  "lockfileVersion": 1,
  "requires": true,
  "dependencies": {
    "natural-selection": {
      "version": "1.0.1",
      "resolved": "https://registry.npmjs.org/natural-selection/-/natural-selection-1.0.1.tgz",
      "integrity": "sha512-+8ZPOu57Yw2fqAq3XGtdbVkJGwp8k4VYOGqx0Eg91nsKYn/utMOhKc+97jOTxqVcGwVMzCn2Bz6pTWFWGGH5kQ=="
    }
  }
}
